// !$*UTF8*$!
{
	archiveVersion = 1;
	classes = {
	};
	objectVersion = 50;
	objects = {

/* Begin PBXBuildFile section */
		F7070FED24F4F26A00BAE05B /* DetialView.swift in Sources */ = {isa = PBXBuildFile; fileRef = F7070FEC24F4F26A00BAE05B /* DetialView.swift */; };
		F780A6A824F5F5C400D9C333 /* MainContentView.swift in Sources */ = {isa = PBXBuildFile; fileRef = F780A6A724F5F5C400D9C333 /* MainContentView.swift */; };
		F7C91E2925071C3400B83FF6 /* TextViwe.swift in Sources */ = {isa = PBXBuildFile; fileRef = F7C91E2825071C3400B83FF6 /* TextViwe.swift */; };
		F7D8178A2502261600706888 /* UIKitScroll.swift in Sources */ = {isa = PBXBuildFile; fileRef = F7D817892502261600706888 /* UIKitScroll.swift */; };
		F7EC9D412505CB94004356D8 /* DateScrollView.swift in Sources */ = {isa = PBXBuildFile; fileRef = F7EC9D402505CB94004356D8 /* DateScrollView.swift */; };
		F7EC9D442505CBC2004356D8 /* MainContactView.swift in Sources */ = {isa = PBXBuildFile; fileRef = F7EC9D432505CBC2004356D8 /* MainContactView.swift */; };
		F7EC9D462505CCC8004356D8 /* ContactJson.swift in Sources */ = {isa = PBXBuildFile; fileRef = F7EC9D452505CCC8004356D8 /* ContactJson.swift */; };
		F7FCA64424EB8C86004D0F4F /* AppDelegate.swift in Sources */ = {isa = PBXBuildFile; fileRef = F7FCA64324EB8C86004D0F4F /* AppDelegate.swift */; };
		F7FCA64624EB8C86004D0F4F /* SceneDelegate.swift in Sources */ = {isa = PBXBuildFile; fileRef = F7FCA64524EB8C86004D0F4F /* SceneDelegate.swift */; };
		F7FCA64824EB8C86004D0F4F /* ContentView.swift in Sources */ = {isa = PBXBuildFile; fileRef = F7FCA64724EB8C86004D0F4F /* ContentView.swift */; };
		F7FCA64A24EB8C8A004D0F4F /* Assets.xcassets in Resources */ = {isa = PBXBuildFile; fileRef = F7FCA64924EB8C8A004D0F4F /* Assets.xcassets */; };
		F7FCA64D24EB8C8A004D0F4F /* Preview Assets.xcassets in Resources */ = {isa = PBXBuildFile; fileRef = F7FCA64C24EB8C8A004D0F4F /* Preview Assets.xcassets */; };
		F7FCA65024EB8C8A004D0F4F /* LaunchScreen.storyboard in Resources */ = {isa = PBXBuildFile; fileRef = F7FCA64E24EB8C8A004D0F4F /* LaunchScreen.storyboard */; };
		F7FCA65824EB8CFA004D0F4F /* DateModel.swift in Sources */ = {isa = PBXBuildFile; fileRef = F7FCA65724EB8CFA004D0F4F /* DateModel.swift */; };
/* End PBXBuildFile section */

/* Begin PBXFileReference section */
		F7070FEC24F4F26A00BAE05B /* DetialView.swift */ = {isa = PBXFileReference; fileEncoding = 4; lastKnownFileType = sourcecode.swift; path = DetialView.swift; sourceTree = "<group>"; };
		F780A6A724F5F5C400D9C333 /* MainContentView.swift */ = {isa = PBXFileReference; lastKnownFileType = sourcecode.swift; path = MainContentView.swift; sourceTree = "<group>"; };
		F7A7255A2537D5F000EA5E94 /* 打卡记录.entitlements */ = {isa = PBXFileReference; lastKnownFileType = text.plist.entitlements; path = "打卡记录.entitlements"; sourceTree = "<group>"; };
		F7C91E2825071C3400B83FF6 /* TextViwe.swift */ = {isa = PBXFileReference; lastKnownFileType = sourcecode.swift; path = TextViwe.swift; sourceTree = "<group>"; };
		F7D817892502261600706888 /* UIKitScroll.swift */ = {isa = PBXFileReference; lastKnownFileType = sourcecode.swift; path = UIKitScroll.swift; sourceTree = "<group>"; };
		F7EC9D402505CB94004356D8 /* DateScrollView.swift */ = {isa = PBXFileReference; fileEncoding = 4; lastKnownFileType = sourcecode.swift; path = DateScrollView.swift; sourceTree = "<group>"; };
		F7EC9D432505CBC2004356D8 /* MainContactView.swift */ = {isa = PBXFileReference; lastKnownFileType = sourcecode.swift; path = MainContactView.swift; sourceTree = "<group>"; };
		F7EC9D452505CCC8004356D8 /* ContactJson.swift */ = {isa = PBXFileReference; lastKnownFileType = sourcecode.swift; path = ContactJson.swift; sourceTree = "<group>"; };
		F7FCA64024EB8C86004D0F4F /* 打卡记录.app */ = {isa = PBXFileReference; explicitFileType = wrapper.application; includeInIndex = 0; path = "打卡记录.app"; sourceTree = BUILT_PRODUCTS_DIR; };
		F7FCA64324EB8C86004D0F4F /* AppDelegate.swift */ = {isa = PBXFileReference; lastKnownFileType = sourcecode.swift; path = AppDelegate.swift; sourceTree = "<group>"; };
		F7FCA64524EB8C86004D0F4F /* SceneDelegate.swift */ = {isa = PBXFileReference; lastKnownFileType = sourcecode.swift; path = SceneDelegate.swift; sourceTree = "<group>"; };
		F7FCA64724EB8C86004D0F4F /* ContentView.swift */ = {isa = PBXFileReference; lastKnownFileType = sourcecode.swift; path = ContentView.swift; sourceTree = "<group>"; };
		F7FCA64924EB8C8A004D0F4F /* Assets.xcassets */ = {isa = PBXFileReference; lastKnownFileType = folder.assetcatalog; path = Assets.xcassets; sourceTree = "<group>"; };
		F7FCA64C24EB8C8A004D0F4F /* Preview Assets.xcassets */ = {isa = PBXFileReference; lastKnownFileType = folder.assetcatalog; path = "Preview Assets.xcassets"; sourceTree = "<group>"; };
		F7FCA64F24EB8C8A004D0F4F /* Base */ = {isa = PBXFileReference; lastKnownFileType = file.storyboard; name = Base; path = Base.lproj/LaunchScreen.storyboard; sourceTree = "<group>"; };
		F7FCA65124EB8C8A004D0F4F /* Info.plist */ = {isa = PBXFileReference; lastKnownFileType = text.plist.xml; path = Info.plist; sourceTree = "<group>"; };
		F7FCA65724EB8CFA004D0F4F /* DateModel.swift */ = {isa = PBXFileReference; lastKnownFileType = sourcecode.swift; path = DateModel.swift; sourceTree = "<group>"; };
/* End PBXFileReference section */

/* Begin PBXFrameworksBuildPhase section */
		F7FCA63D24EB8C85004D0F4F /* Frameworks */ = {
			isa = PBXFrameworksBuildPhase;
			buildActionMask = 2147483647;
			files = (
			);
			runOnlyForDeploymentPostprocessing = 0;
		};
/* End PBXFrameworksBuildPhase section */

/* Begin PBXGroup section */
		F7070FEB24F4F25200BAE05B /* otherView */ = {
			isa = PBXGroup;
			children = (
				F7070FEC24F4F26A00BAE05B /* DetialView.swift */,
				F780A6A724F5F5C400D9C333 /* MainContentView.swift */,
			);
			path = otherView;
			sourceTree = "<group>";
		};
		F7EC9D3F2505C4D0004356D8 /* dateView */ = {
			isa = PBXGroup;
			children = (
				F7EC9D402505CB94004356D8 /* DateScrollView.swift */,
			);
			path = dateView;
			sourceTree = "<group>";
		};
		F7EC9D422505CBAB004356D8 /* contact */ = {
			isa = PBXGroup;
			children = (
				F7EC9D432505CBC2004356D8 /* MainContactView.swift */,
				F7EC9D452505CCC8004356D8 /* ContactJson.swift */,
				F7C91E2825071C3400B83FF6 /* TextViwe.swift */,
			);
			path = contact;
			sourceTree = "<group>";
		};
		F7FCA63724EB8C85004D0F4F = {
			isa = PBXGroup;
			children = (
				F7FCA64224EB8C86004D0F4F /* OfficeManger */,
				F7FCA64124EB8C86004D0F4F /* Products */,
			);
			sourceTree = "<group>";
		};
		F7FCA64124EB8C86004D0F4F /* Products */ = {
			isa = PBXGroup;
			children = (
				F7FCA64024EB8C86004D0F4F /* 打卡记录.app */,
			);
			name = Products;
			sourceTree = "<group>";
		};
		F7FCA64224EB8C86004D0F4F /* OfficeManger */ = {
			isa = PBXGroup;
			children = (
				F7A7255A2537D5F000EA5E94 /* 打卡记录.entitlements */,
				F7EC9D422505CBAB004356D8 /* contact */,
				F7EC9D3F2505C4D0004356D8 /* dateView */,
				F7070FEB24F4F25200BAE05B /* otherView */,
				F7FCA64324EB8C86004D0F4F /* AppDelegate.swift */,
				F7D817892502261600706888 /* UIKitScroll.swift */,
				F7FCA64524EB8C86004D0F4F /* SceneDelegate.swift */,
				F7FCA64724EB8C86004D0F4F /* ContentView.swift */,
				F7FCA65724EB8CFA004D0F4F /* DateModel.swift */,
				F7FCA64924EB8C8A004D0F4F /* Assets.xcassets */,
				F7FCA64E24EB8C8A004D0F4F /* LaunchScreen.storyboard */,
				F7FCA65124EB8C8A004D0F4F /* Info.plist */,
				F7FCA64B24EB8C8A004D0F4F /* Preview Content */,
			);
			path = OfficeManger;
			sourceTree = "<group>";
		};
		F7FCA64B24EB8C8A004D0F4F /* Preview Content */ = {
			isa = PBXGroup;
			children = (
				F7FCA64C24EB8C8A004D0F4F /* Preview Assets.xcassets */,
			);
			path = "Preview Content";
			sourceTree = "<group>";
		};
/* End PBXGroup section */

/* Begin PBXNativeTarget section */
		F7FCA63F24EB8C85004D0F4F /* OfficeManger */ = {
			isa = PBXNativeTarget;
			buildConfigurationList = F7FCA65424EB8C8A004D0F4F /* Build configuration list for PBXNativeTarget "OfficeManger" */;
			buildPhases = (
				F7FCA63C24EB8C85004D0F4F /* Sources */,
				F7FCA63D24EB8C85004D0F4F /* Frameworks */,
				F7FCA63E24EB8C85004D0F4F /* Resources */,
			);
			buildRules = (
			);
			dependencies = (
			);
			name = OfficeManger;
			productName = OfficeManger;
			productReference = F7FCA64024EB8C86004D0F4F /* 打卡记录.app */;
			productType = "com.apple.product-type.application";
		};
/* End PBXNativeTarget section */

/* Begin PBXProject section */
		F7FCA63824EB8C85004D0F4F /* Project object */ = {
			isa = PBXProject;
			attributes = {
				LastSwiftUpdateCheck = 1150;
				LastUpgradeCheck = 1150;
				ORGANIZATIONNAME = yaojinhai;
				TargetAttributes = {
					F7FCA63F24EB8C85004D0F4F = {
						CreatedOnToolsVersion = 11.5;
					};
				};
			};
			buildConfigurationList = F7FCA63B24EB8C85004D0F4F /* Build configuration list for PBXProject "OfficeManger" */;
			compatibilityVersion = "Xcode 9.3";
			developmentRegion = en;
			hasScannedForEncodings = 0;
			knownRegions = (
				en,
				Base,
			);
			mainGroup = F7FCA63724EB8C85004D0F4F;
			productRefGroup = F7FCA64124EB8C86004D0F4F /* Products */;
			projectDirPath = "";
			projectRoot = "";
			targets = (
				F7FCA63F24EB8C85004D0F4F /* OfficeManger */,
			);
		};
/* End PBXProject section */

/* Begin PBXResourcesBuildPhase section */
		F7FCA63E24EB8C85004D0F4F /* Resources */ = {
			isa = PBXResourcesBuildPhase;
			buildActionMask = 2147483647;
			files = (
				F7FCA65024EB8C8A004D0F4F /* LaunchScreen.storyboard in Resources */,
				F7FCA64D24EB8C8A004D0F4F /* Preview Assets.xcassets in Resources */,
				F7FCA64A24EB8C8A004D0F4F /* Assets.xcassets in Resources */,
			);
			runOnlyForDeploymentPostprocessing = 0;
		};
/* End PBXResourcesBuildPhase section */

/* Begin PBXSourcesBuildPhase section */
		F7FCA63C24EB8C85004D0F4F /* Sources */ = {
			isa = PBXSourcesBuildPhase;
			buildActionMask = 2147483647;
			files = (
				F7EC9D412505CB94004356D8 /* DateScrollView.swift in Sources */,
				F7070FED24F4F26A00BAE05B /* DetialView.swift in Sources */,
				F7EC9D462505CCC8004356D8 /* ContactJson.swift in Sources */,
				F7FCA64424EB8C86004D0F4F /* AppDelegate.swift in Sources */,
				F7FCA65824EB8CFA004D0F4F /* DateModel.swift in Sources */,
				F7FCA64624EB8C86004D0F4F /* SceneDelegate.swift in Sources */,
				F7EC9D442505CBC2004356D8 /* MainContactView.swift in Sources */,
				F7FCA64824EB8C86004D0F4F /* ContentView.swift in Sources */,
				F7C91E2925071C3400B83FF6 /* TextViwe.swift in Sources */,
				F780A6A824F5F5C400D9C333 /* MainContentView.swift in Sources */,
				F7D8178A2502261600706888 /* UIKitScroll.swift in Sources */,
			);
			runOnlyForDeploymentPostprocessing = 0;
		};
/* End PBXSourcesBuildPhase section */

/* Begin PBXVariantGroup section */
		F7FCA64E24EB8C8A004D0F4F /* LaunchScreen.storyboard */ = {
			isa = PBXVariantGroup;
			children = (
				F7FCA64F24EB8C8A004D0F4F /* Base */,
			);
			name = LaunchScreen.storyboard;
			sourceTree = "<group>";
		};
/* End PBXVariantGroup section */

/* Begin XCBuildConfiguration section */
		F7FCA65224EB8C8A004D0F4F /* Debug */ = {
			isa = XCBuildConfiguration;
			buildSettings = {
				ALWAYS_SEARCH_USER_PATHS = NO;
				CLANG_ANALYZER_NONNULL = YES;
				CLANG_ANALYZER_NUMBER_OBJECT_CONVERSION = YES_AGGRESSIVE;
				CLANG_CXX_LANGUAGE_STANDARD = "gnu++14";
				CLANG_CXX_LIBRARY = "libc++";
				CLANG_ENABLE_MODULES = YES;
				CLANG_ENABLE_OBJC_ARC = YES;
				CLANG_ENABLE_OBJC_WEAK = YES;
				CLANG_WARN_BLOCK_CAPTURE_AUTORELEASING = YES;
				CLANG_WARN_BOOL_CONVERSION = YES;
				CLANG_WARN_COMMA = YES;
				CLANG_WARN_CONSTANT_CONVERSION = YES;
				CLANG_WARN_DEPRECATED_OBJC_IMPLEMENTATIONS = YES;
				CLANG_WARN_DIRECT_OBJC_ISA_USAGE = YES_ERROR;
				CLANG_WARN_DOCUMENTATION_COMMENTS = YES;
				CLANG_WARN_EMPTY_BODY = YES;
				CLANG_WARN_ENUM_CONVERSION = YES;
				CLANG_WARN_INFINITE_RECURSION = YES;
				CLANG_WARN_INT_CONVERSION = YES;
				CLANG_WARN_NON_LITERAL_NULL_CONVERSION = YES;
				CLANG_WARN_OBJC_IMPLICIT_RETAIN_SELF = YES;
				CLANG_WARN_OBJC_LITERAL_CONVERSION = YES;
				CLANG_WARN_OBJC_ROOT_CLASS = YES_ERROR;
				CLANG_WARN_RANGE_LOOP_ANALYSIS = YES;
				CLANG_WARN_STRICT_PROTOTYPES = YES;
				CLANG_WARN_SUSPICIOUS_MOVE = YES;
				CLANG_WARN_UNGUARDED_AVAILABILITY = YES_AGGRESSIVE;
				CLANG_WARN_UNREACHABLE_CODE = YES;
				CLANG_WARN__DUPLICATE_METHOD_MATCH = YES;
				COPY_PHASE_STRIP = NO;
				DEBUG_INFORMATION_FORMAT = dwarf;
				ENABLE_STRICT_OBJC_MSGSEND = YES;
				ENABLE_TESTABILITY = YES;
				GCC_C_LANGUAGE_STANDARD = gnu11;
				GCC_DYNAMIC_NO_PIC = NO;
				GCC_NO_COMMON_BLOCKS = YES;
				GCC_OPTIMIZATION_LEVEL = 0;
				GCC_PREPROCESSOR_DEFINITIONS = (
					"DEBUG=1",
					"$(inherited)",
				);
				GCC_WARN_64_TO_32_BIT_CONVERSION = YES;
				GCC_WARN_ABOUT_RETURN_TYPE = YES_ERROR;
				GCC_WARN_UNDECLARED_SELECTOR = YES;
				GCC_WARN_UNINITIALIZED_AUTOS = YES_AGGRESSIVE;
				GCC_WARN_UNUSED_FUNCTION = YES;
				GCC_WARN_UNUSED_VARIABLE = YES;
				IPHONEOS_DEPLOYMENT_TARGET = 13.5;
				MTL_ENABLE_DEBUG_INFO = INCLUDE_SOURCE;
				MTL_FAST_MATH = YES;
				ONLY_ACTIVE_ARCH = YES;
				SDKROOT = iphoneos;
				SWIFT_ACTIVE_COMPILATION_CONDITIONS = DEBUG;
				SWIFT_OPTIMIZATION_LEVEL = "-Onone";
			};
			name = Debug;
		};
		F7FCA65324EB8C8A004D0F4F /* Release */ = {
			isa = XCBuildConfiguration;
			buildSettings = {
				ALWAYS_SEARCH_USER_PATHS = NO;
				CLANG_ANALYZER_NONNULL = YES;
				CLANG_ANALYZER_NUMBER_OBJECT_CONVERSION = YES_AGGRESSIVE;
				CLANG_CXX_LANGUAGE_STANDARD = "gnu++14";
				CLANG_CXX_LIBRARY = "libc++";
				CLANG_ENABLE_MODULES = YES;
				CLANG_ENABLE_OBJC_ARC = YES;
				CLANG_ENABLE_OBJC_WEAK = YES;
				CLANG_WARN_BLOCK_CAPTURE_AUTORELEASING = YES;
				CLANG_WARN_BOOL_CONVERSION = YES;
				CLANG_WARN_COMMA = YES;
				CLANG_WARN_CONSTANT_CONVERSION = YES;
				CLANG_WARN_DEPRECATED_OBJC_IMPLEMENTATIONS = YES;
				CLANG_WARN_DIRECT_OBJC_ISA_USAGE = YES_ERROR;
				CLANG_WARN_DOCUMENTATION_COMMENTS = YES;
				CLANG_WARN_EMPTY_BODY = YES;
				CLANG_WARN_ENUM_CONVERSION = YES;
				CLANG_WARN_INFINITE_RECURSION = YES;
				CLANG_WARN_INT_CONVERSION = YES;
				CLANG_WARN_NON_LITERAL_NULL_CONVERSION = YES;
				CLANG_WARN_OBJC_IMPLICIT_RETAIN_SELF = YES;
				CLANG_WARN_OBJC_LITERAL_CONVERSION = YES;
				CLANG_WARN_OBJC_ROOT_CLASS = YES_ERROR;
				CLANG_WARN_RANGE_LOOP_ANALYSIS = YES;
				CLANG_WARN_STRICT_PROTOTYPES = YES;
				CLANG_WARN_SUSPICIOUS_MOVE = YES;
				CLANG_WARN_UNGUARDED_AVAILABILITY = YES_AGGRESSIVE;
				CLANG_WARN_UNREACHABLE_CODE = YES;
				CLANG_WARN__DUPLICATE_METHOD_MATCH = YES;
				COPY_PHASE_STRIP = NO;
				DEBUG_INFORMATION_FORMAT = "dwarf-with-dsym";
				ENABLE_NS_ASSERTIONS = NO;
				ENABLE_STRICT_OBJC_MSGSEND = YES;
				GCC_C_LANGUAGE_STANDARD = gnu11;
				GCC_NO_COMMON_BLOCKS = YES;
				GCC_WARN_64_TO_32_BIT_CONVERSION = YES;
				GCC_WARN_ABOUT_RETURN_TYPE = YES_ERROR;
				GCC_WARN_UNDECLARED_SELECTOR = YES;
				GCC_WARN_UNINITIALIZED_AUTOS = YES_AGGRESSIVE;
				GCC_WARN_UNUSED_FUNCTION = YES;
				GCC_WARN_UNUSED_VARIABLE = YES;
				IPHONEOS_DEPLOYMENT_TARGET = 13.5;
				MTL_ENABLE_DEBUG_INFO = NO;
				MTL_FAST_MATH = YES;
				SDKROOT = iphoneos;
				SWIFT_COMPILATION_MODE = wholemodule;
				SWIFT_OPTIMIZATION_LEVEL = "-O";
				VALIDATE_PRODUCT = YES;
			};
			name = Release;
		};
		F7FCA65524EB8C8A004D0F4F /* Debug */ = {
			isa = XCBuildConfiguration;
			buildSettings = {
				ASSETCATALOG_COMPILER_APPICON_NAME = AppIcon;
				CODE_SIGN_ENTITLEMENTS = "OfficeManger/打卡记录.entitlements";
				CODE_SIGN_STYLE = Automatic;
				DEVELOPMENT_ASSET_PATHS = "\"OfficeManger/Preview Content\"";
				DEVELOPMENT_TEAM = 9N2X3NEXD7;
				ENABLE_PREVIEWS = YES;
				INFOPLIST_FILE = OfficeManger/Info.plist;
				IPHONEOS_DEPLOYMENT_TARGET = 13.0;
				LD_RUNPATH_SEARCH_PATHS = (
					"$(inherited)",
					"@executable_path/Frameworks",
				);
				MARKETING_VERSION = 1.1;
				PRODUCT_BUNDLE_IDENTIFIER = com.assist.testapp;
				PRODUCT_NAME = "打卡记录";
				SUPPORTS_MACCATALYST = NO;
				SWIFT_VERSION = 5.0;
				TARGETED_DEVICE_FAMILY = "1,2";
			};
			name = Debug;
		};
		F7FCA65624EB8C8A004D0F4F /* Release */ = {
			isa = XCBuildConfiguration;
			buildSettings = {
				ASSETCATALOG_COMPILER_APPICON_NAME = AppIcon;
				CODE_SIGN_ENTITLEMENTS = "OfficeManger/打卡记录.entitlements";
				CODE_SIGN_STYLE = Automatic;
				DEVELOPMENT_ASSET_PATHS = "\"OfficeManger/Preview Content\"";
				DEVELOPMENT_TEAM = 9N2X3NEXD7;
				ENABLE_PREVIEWS = YES;
				INFOPLIST_FILE = OfficeManger/Info.plist;
				IPHONEOS_DEPLOYMENT_TARGET = 13.0;
				LD_RUNPATH_SEARCH_PATHS = (
					"$(inherited)",
					"@executable_path/Frameworks",
				);
				MARKETING_VERSION = 1.1;
				PRODUCT_BUNDLE_IDENTIFIER = com.assist.testapp;
				PRODUCT_NAME = "打卡记录";
				SUPPORTS_MACCATALYST = NO;
				SWIFT_VERSION = 5.0;
				TARGETED_DEVICE_FAMILY = "1,2";
			};
			name = Release;
		};
/* End XCBuildConfiguration section */

/* Begin XCConfigurationList section */
		F7FCA63B24EB8C85004D0F4F /* Build configuration list for PBXProject "OfficeManger" */ = {
			isa = XCConfigurationList;
			buildConfigurations = (
				F7FCA65224EB8C8A004D0F4F /* Debug */,
				F7FCA65324EB8C8A004D0F4F /* Release */,
			);
			defaultConfigurationIsVisible = 0;
			defaultConfigurationName = Release;
		};
		F7FCA65424EB8C8A004D0F4F /* Build configuration list for PBXNativeTarget "OfficeManger" */ = {
			isa = XCConfigurationList;
			buildConfigurations = (
				F7FCA65524EB8C8A004D0F4F /* Debug */,
				F7FCA65624EB8C8A004D0F4F /* Release */,
			);
			defaultConfigurationIsVisible = 0;
			defaultConfigurationName = Release;
		};
/* End XCConfigurationList section */
	};
	rootObject = F7FCA63824EB8C85004D0F4F /* Project object */;
}
